
Microsoft Visual Studio Solution File, Format Version 12.00
# Visual Studio 15
VisualStudioVersion = 15.0.28010.2026
MinimumVisualStudioVersion = 10.0.40219.1
Project("{9A19103F-16F7-4668-BE54-9A1E7A4F7556}") = "N_ary_Tree", "N_ary_Tree\N_ary_Tree.csproj", "{5C079632-5FDB-46D9-8D69-B8394CBD5408}"
EndProject
Project("{FAE04EC0-301F-11D3-BF4B-00C04F79EFBC}") = "N_ary_Tree_Lib", "N_ary_Tree_Lib\N_ary_Tree_Lib.csproj", "{E022D998-A443-4732-B679-59AE45947092}"
EndProject
Project("{FAE04EC0-301F-11D3-BF4B-00C04F79EFBC}") = "N_ary_Tree_test", "N_ary_Tree_test\N_ary_Tree_test.csproj", "{98BF1BA6-D3EA-4AB9-9E57-EF92B21563E6}"
EndProject
Global
	GlobalSection(SolutionConfigurationPlatforms) = preSolution
		Debug|Any CPU = Debug|Any CPU
		Release|Any CPU = Release|Any CPU
	EndGlobalSection
	GlobalSection(ProjectConfigurationPlatforms) = postSolution
		{5C079632-5FDB-46D9-8D69-B8394CBD5408}.Debug|Any CPU.ActiveCfg = Debug|Any CPU
		{5C079632-5FDB-46D9-8D69-B8394CBD5408}.Debug|Any CPU.Build.0 = Debug|Any CPU
		{5C079632-5FDB-46D9-8D69-B8394CBD5408}.Release|Any CPU.ActiveCfg = Release|Any CPU
		{5C079632-5FDB-46D9-8D69-B8394CBD5408}.Release|Any CPU.Build.0 = Release|Any CPU
		{E022D998-A443-4732-B679-59AE45947092}.Debug|Any CPU.ActiveCfg = Debug|Any CPU
		{E022D998-A443-4732-B679-59AE45947092}.Debug|Any CPU.Build.0 = Debug|Any CPU
		{E022D998-A443-4732-B679-59AE45947092}.Release|Any CPU.ActiveCfg = Release|Any CPU
		{E022D998-A443-4732-B679-59AE45947092}.Release|Any CPU.Build.0 = Release|Any CPU
		{98BF1BA6-D3EA-4AB9-9E57-EF92B21563E6}.Debug|Any CPU.ActiveCfg = Debug|Any CPU
		{98BF1BA6-D3EA-4AB9-9E57-EF92B21563E6}.Debug|Any CPU.Build.0 = Debug|Any CPU
		{98BF1BA6-D3EA-4AB9-9E57-EF92B21563E6}.Release|Any CPU.ActiveCfg = Release|Any CPU
		{98BF1BA6-D3EA-4AB9-9E57-EF92B21563E6}.Release|Any CPU.Build.0 = Release|Any CPU
	EndGlobalSection
	GlobalSection(SolutionProperties) = preSolution
		HideSolutionNode = FALSE
	EndGlobalSection
	GlobalSection(ExtensibilityGlobals) = postSolution
		SolutionGuid = {788FF394-B444-40F9-A095-44A58C81B85A}
	EndGlobalSection
EndGlobal
